
Microsoft Visual Studio Solution File, Format Version 12.00
# Visual Studio 15
VisualStudioVersion = 15.0.27703.2026
MinimumVisualStudioVersion = 10.0.40219.1
Project("{9092AA53-FB77-4645-B42D-1CCCA6BD08BD}") = "PrimeStringIDNode", "PrimeStringIDNode\PrimeStringIDNode.njsproj", "{D9A5FA76-F161-4825-8557-C0131486705F}"
EndProject
Global
	GlobalSection(SolutionConfigurationPlatforms) = preSolution
		Debug|Any CPU = Debug|Any CPU
		Release|Any CPU = Release|Any CPU
	EndGlobalSection
	GlobalSection(ProjectConfigurationPlatforms) = postSolution
		{D9A5FA76-F161-4825-8557-C0131486705F}.Debug|Any CPU.ActiveCfg = Debug|Any CPU
		{D9A5FA76-F161-4825-8557-C0131486705F}.Debug|Any CPU.Build.0 = Debug|Any CPU
		{D9A5FA76-F161-4825-8557-C0131486705F}.Release|Any CPU.ActiveCfg = Release|Any CPU
		{D9A5FA76-F161-4825-8557-C0131486705F}.Release|Any CPU.Build.0 = Release|Any CPU
	EndGlobalSection
	GlobalSection(SolutionProperties) = preSolution
		HideSolutionNode = FALSE
	EndGlobalSection
	GlobalSection(ExtensibilityGlobals) = postSolution
		SolutionGuid = {B9A0EF4E-35DC-4507-9C3E-614439B77FBA}
	EndGlobalSection
EndGlobal
